
Microsoft Visual Studio Solution File, Format Version 12.00
# Visual Studio 14
VisualStudioVersion = 14.0.25123.0
MinimumVisualStudioVersion = 10.0.40219.1
Project("{FAE04EC0-301F-11D3-BF4B-00C04F79EFBC}") = "VoxelTesting", "VoxelTesting\VoxelTesting.csproj", "{6013198B-B9FD-4C50-9A14-4E188FB68ADB}"
EndProject
Project("{FAE04EC0-301F-11D3-BF4B-00C04F79EFBC}") = "OpenGL", "OpenGL\OpenGL\OpenGL.csproj", "{4A3D3106-AFEC-4E04-9630-7A1A2D0C16DB}"
EndProject
Global
	GlobalSection(SolutionConfigurationPlatforms) = preSolution
		Debug|Any CPU = Debug|Any CPU
		Release|Any CPU = Release|Any CPU
	EndGlobalSection
	GlobalSection(ProjectConfigurationPlatforms) = postSolution
		{6013198B-B9FD-4C50-9A14-4E188FB68ADB}.Debug|Any CPU.ActiveCfg = Debug|Any CPU
		{6013198B-B9FD-4C50-9A14-4E188FB68ADB}.Debug|Any CPU.Build.0 = Debug|Any CPU
		{6013198B-B9FD-4C50-9A14-4E188FB68ADB}.Release|Any CPU.ActiveCfg = Release|Any CPU
		{6013198B-B9FD-4C50-9A14-4E188FB68ADB}.Release|Any CPU.Build.0 = Release|Any CPU
		{4A3D3106-AFEC-4E04-9630-7A1A2D0C16DB}.Debug|Any CPU.ActiveCfg = Debug|Any CPU
		{4A3D3106-AFEC-4E04-9630-7A1A2D0C16DB}.Debug|Any CPU.Build.0 = Debug|Any CPU
		{4A3D3106-AFEC-4E04-9630-7A1A2D0C16DB}.Release|Any CPU.ActiveCfg = Release|Any CPU
		{4A3D3106-AFEC-4E04-9630-7A1A2D0C16DB}.Release|Any CPU.Build.0 = Release|Any CPU
	EndGlobalSection
	GlobalSection(SolutionProperties) = preSolution
		HideSolutionNode = FALSE
	EndGlobalSection
EndGlobal
